# Generated by pub
# See https://dart.dev/tools/pub/glossary#lockfile
packages:
  _fe_analyzer_shared:
    dependency: transitive
    description:
      name: _fe_analyzer_shared
      url: "https://pub.flutter-io.cn"
    source: hosted
    version: "17.0.0"
  analyzer:
    dependency: "direct overridden"
    description:
      name: analyzer
      url: "https://pub.flutter-io.cn"
    source: hosted
    version: "1.1.0"
  android_intent:
    dependency: "direct main"
    description:
      name: android_intent
      url: "https://pub.flutter-io.cn"
    source: hosted
    version: "2.0.0"
  animations:
    dependency: "direct main"
    description:
      name: animations
      url: "https://pub.flutter-io.cn"
    source: hosted
    version: "2.0.0"
  args:
    dependency: transitive
    description:
      name: args
      url: "https://pub.flutter-io.cn"
    source: hosted
    version: "2.0.0"
  async:
    dependency: transitive
    description:
      name: async
      url: "https://pub.flutter-io.cn"
    source: hosted
    version: "2.5.0"
  auto_size_text:
    dependency: "direct main"
    description:
      name: auto_size_text
      url: "https://pub.flutter-io.cn"
    source: hosted
    version: "3.0.0-nullsafety.0"
  build:
    dependency: transitive
    description:
      name: build
      url: "https://pub.flutter-io.cn"
    source: hosted
    version: "1.6.3"
  build_config:
    dependency: transitive
    description:
      name: build_config
      url: "https://pub.flutter-io.cn"
    source: hosted
    version: "0.4.6"
  build_daemon:
    dependency: transitive
    description:
      name: build_daemon
      url: "https://pub.flutter-io.cn"
    source: hosted
    version: "2.1.8"
  build_resolvers:
    dependency: transitive
    description:
      name: build_resolvers
      url: "https://pub.flutter-io.cn"
    source: hosted
    version: "1.5.4"
  build_runner:
    dependency: "direct dev"
    description:
      name: build_runner
      url: "https://pub.flutter-io.cn"
    source: hosted
    version: "1.11.5"
  build_runner_core:
    dependency: transitive
    description:
      name: build_runner_core
      url: "https://pub.flutter-io.cn"
    source: hosted
    version: "6.1.10"
  built_collection:
    dependency: transitive
    description:
      name: built_collection
      url: "https://pub.flutter-io.cn"
    source: hosted
    version: "5.0.0"
  built_value:
    dependency: "direct main"
    description:
      name: built_value
      url: "https://pub.flutter-io.cn"
    source: hosted
    version: "8.0.0"
  built_value_generator:
    dependency: "direct dev"
    description:
      name: built_value_generator
      url: "https://pub.flutter-io.cn"
    source: hosted
    version: "8.0.0"
  characters:
    dependency: transitive
    description:
      name: characters
      url: "https://pub.flutter-io.cn"
    source: hosted
    version: "1.1.0"
  charcode:
    dependency: transitive
    description:
      name: charcode
      url: "https://pub.flutter-io.cn"
    source: hosted
    version: "1.2.0"
  checked_yaml:
    dependency: transitive
    description:
      name: checked_yaml
      url: "https://pub.flutter-io.cn"
    source: hosted
    version: "1.0.4"
  cli_util:
    dependency: transitive
    description:
      name: cli_util
      url: "https://pub.flutter-io.cn"
    source: hosted
    version: "0.3.0"
  clock:
    dependency: transitive
    description:
      name: clock
      url: "https://pub.flutter-io.cn"
    source: hosted
    version: "1.1.0"
  code_builder:
    dependency: transitive
    description:
      name: code_builder
      url: "https://pub.flutter-io.cn"
    source: hosted
    version: "3.6.0"
  collection:
    dependency: transitive
    description:
      name: collection
      url: "https://pub.flutter-io.cn"
    source: hosted
    version: "1.15.0"
  connectivity:
    dependency: "direct main"
    description:
      name: connectivity
      url: "https://pub.flutter-io.cn"
    source: hosted
    version: "3.0.0"
  connectivity_macos:
    dependency: transitive
    description:
      name: connectivity_macos
      url: "https://pub.flutter-io.cn"
    source: hosted
    version: "0.2.0"
  connectivity_platform_interface:
    dependency: transitive
    description:
      name: connectivity_platform_interface
      url: "https://pub.flutter-io.cn"
    source: hosted
    version: "2.0.0"
  convert:
    dependency: transitive
    description:
      name: convert
      url: "https://pub.flutter-io.cn"
    source: hosted
    version: "3.0.0"
  crypto:
    dependency: transitive
    description:
      name: crypto
      url: "https://pub.flutter-io.cn"
    source: hosted
    version: "3.0.0"
  cupertino_icons:
    dependency: "direct main"
    description:
      name: cupertino_icons
      url: "https://pub.flutter-io.cn"
    source: hosted
    version: "1.0.0"
  dart_style:
    dependency: transitive
    description:
      name: dart_style
      url: "https://pub.flutter-io.cn"
    source: hosted
    version: "1.3.14"
  device_info:
    dependency: "direct main"
    description:
      name: device_info
      url: "https://pub.flutter-io.cn"
    source: hosted
    version: "2.0.0"
  device_info_platform_interface:
    dependency: transitive
    description:
      name: device_info_platform_interface
      url: "https://pub.flutter-io.cn"
    source: hosted
    version: "2.0.0"
  dio:
    dependency: "direct main"
    description:
      name: dio
      url: "https://pub.flutter-io.cn"
    source: hosted
    version: "4.0.0-beta6"
  ffi:
    dependency: transitive
    description:
      name: ffi
      url: "https://pub.flutter-io.cn"
    source: hosted
    version: "1.0.0"
  file:
    dependency: transitive
    description:
      name: file
      url: "https://pub.flutter-io.cn"
    source: hosted
    version: "6.1.0"
  fixnum:
    dependency: transitive
    description:
      name: fixnum
      url: "https://pub.flutter-io.cn"
    source: hosted
    version: "1.0.0"
  flare_dart:
    dependency: transitive
    description:
      name: flare_dart
      url: "https://pub.flutter-io.cn"
    source: hosted
    version: "2.3.4"
  flare_flutter:
    dependency: "direct main"
    description:
      name: flare_flutter
      url: "https://pub.flutter-io.cn"
    source: hosted
    version: "2.0.6"
  flutter:
    dependency: "direct main"
    description: flutter
    source: sdk
    version: "0.0.0"
  flutter_localizations:
    dependency: "direct main"
    description: flutter
    source: sdk
    version: "0.0.0"
  flutter_markdown:
    dependency: "direct main"
    description:
      name: flutter_markdown
      url: "https://pub.flutter-io.cn"
    source: hosted
    version: "0.6.0"
  flutter_redux:
    dependency: "direct main"
    description:
      name: flutter_redux
      url: "https://pub.flutter-io.cn"
    source: hosted
    version: "0.7.0"
  flutter_slidable:
    dependency: "direct main"
    description:
      name: flutter_slidable
      url: "https://pub.flutter-io.cn"
    source: hosted
    version: "0.6.0-nullsafety.0"
  flutter_spinkit:
    dependency: "direct main"
    description:
      name: flutter_spinkit
      url: "https://pub.flutter-io.cn"
    source: hosted
    version: "5.0.0"
  flutter_svg:
    dependency: "direct main"
    description:
      name: flutter_svg
      url: "https://pub.flutter-io.cn"
    source: hosted
    version: "0.21.0-nullsafety.0"
  flutter_web_plugins:
    dependency: transitive
    description: flutter
    source: sdk
    version: "0.0.0"
  flutter_webview_plugin:
    dependency: "direct main"
    description:
      name: flutter_webview_plugin
      url: "https://pub.flutter-io.cn"
    source: hosted
    version: "0.3.11"
  fluttertoast:
    dependency: "direct main"
    description:
      name: fluttertoast
      url: "https://pub.flutter-io.cn"
    source: hosted
    version: "8.0.1-nullsafety.0"
  glob:
    dependency: transitive
    description:
      name: glob
      url: "https://pub.flutter-io.cn"
    source: hosted
    version: "2.0.0"
  google_fonts:
    dependency: "direct main"
    description:
      name: google_fonts
      url: "https://pub.flutter-io.cn"
    source: hosted
    version: "2.0.0"
  gql:
    dependency: transitive
    description:
      name: gql
      url: "https://pub.flutter-io.cn"
    source: hosted
    version: "0.13.0-nullsafety.2"
  gql_dedupe_link:
    dependency: transitive
    description:
      name: gql_dedupe_link
      url: "https://pub.flutter-io.cn"
    source: hosted
    version: "2.0.0-nullsafety.1"
  gql_error_link:
    dependency: transitive
    description:
      name: gql_error_link
      url: "https://pub.flutter-io.cn"
    source: hosted
    version: "0.2.0-nullsafety.1"
  gql_exec:
    dependency: transitive
    description:
      name: gql_exec
      url: "https://pub.flutter-io.cn"
    source: hosted
    version: "0.3.0-nullsafety.2"
  gql_http_link:
    dependency: transitive
    description:
      name: gql_http_link
      url: "https://pub.flutter-io.cn"
    source: hosted
    version: "0.4.0-nullsafety.1"
  gql_link:
    dependency: transitive
    description:
      name: gql_link
      url: "https://pub.flutter-io.cn"
    source: hosted
    version: "0.4.0-nullsafety.2"
  gql_transform_link:
    dependency: transitive
    description:
      name: gql_transform_link
      url: "https://pub.flutter-io.cn"
    source: hosted
    version: "0.2.0-nullsafety.1"
  graphql:
    dependency: "direct main"
    description:
      name: graphql
      url: "https://pub.flutter-io.cn"
    source: hosted
    version: "5.0.0-nullsafety.1+readmefix"
  graphs:
    dependency: transitive
    description:
      name: graphs
      url: "https://pub.flutter-io.cn"
    source: hosted
    version: "0.2.0"
  hive:
    dependency: transitive
    description:
      name: hive
      url: "https://pub.flutter-io.cn"
    source: hosted
    version: "2.0.0"
  http:
    dependency: transitive
    description:
      name: http
      url: "https://pub.flutter-io.cn"
    source: hosted
    version: "0.13.0"
  http_multi_server:
    dependency: transitive
    description:
      name: http_multi_server
      url: "https://pub.flutter-io.cn"
    source: hosted
    version: "2.2.0"
  http_parser:
    dependency: transitive
    description:
      name: http_parser
      url: "https://pub.flutter-io.cn"
    source: hosted
    version: "4.0.0"
  intl:
    dependency: transitive
    description:
      name: intl
      url: "https://pub.flutter-io.cn"
    source: hosted
    version: "0.17.0"
  io:
    dependency: transitive
    description:
      name: io
      url: "https://pub.flutter-io.cn"
    source: hosted
    version: "0.3.4"
  js:
    dependency: transitive
    description:
      name: js
      url: "https://pub.flutter-io.cn"
    source: hosted
    version: "0.6.3"
  json_annotation:
    dependency: "direct main"
    description:
      name: json_annotation
      url: "https://pub.flutter-io.cn"
    source: hosted
    version: "4.0.0"
  json_serializable:
    dependency: "direct dev"
    description:
      name: json_serializable
      url: "https://pub.flutter-io.cn"
    source: hosted
    version: "4.0.2"
  logging:
    dependency: transitive
    description:
      name: logging
      url: "https://pub.flutter-io.cn"
    source: hosted
    version: "0.11.4"
  markdown:
    dependency: transitive
    description:
      name: markdown
      url: "https://pub.flutter-io.cn"
    source: hosted
    version: "4.0.0"
  matcher:
    dependency: transitive
    description:
      name: matcher
      url: "https://pub.flutter-io.cn"
    source: hosted
    version: "0.12.9"
  meta:
    dependency: transitive
    description:
      name: meta
      url: "https://pub.flutter-io.cn"
    source: hosted
    version: "1.3.0"
  mime:
    dependency: transitive
    description:
      name: mime
      url: "https://pub.flutter-io.cn"
    source: hosted
    version: "1.0.0"
  nested:
    dependency: transitive
    description:
      name: nested
      url: "https://pub.flutter-io.cn"
    source: hosted
    version: "1.0.0"
  normalize:
    dependency: transitive
    description:
      name: normalize
      url: "https://pub.flutter-io.cn"
    source: hosted
    version: "0.5.0-nullsafety.0"
  package_config:
    dependency: transitive
    description:
      name: package_config
      url: "https://pub.flutter-io.cn"
    source: hosted
    version: "2.0.0"
  package_info:
    dependency: "direct main"
    description:
      name: package_info
      url: "https://pub.flutter-io.cn"
    source: hosted
    version: "2.0.0"
  path:
    dependency: transitive
    description:
      name: path
      url: "https://pub.flutter-io.cn"
    source: hosted
    version: "1.8.0"
  path_drawing:
    dependency: transitive
    description:
      name: path_drawing
      url: "https://pub.flutter-io.cn"
    source: hosted
    version: "0.5.0-nullsafety.0"
  path_parsing:
    dependency: transitive
    description:
      name: path_parsing
      url: "https://pub.flutter-io.cn"
    source: hosted
    version: "0.2.0-nullsafety.0"
  path_provider:
    dependency: "direct main"
    description:
      name: path_provider
      url: "https://pub.flutter-io.cn"
    source: hosted
    version: "2.0.0"
  path_provider_linux:
    dependency: transitive
    description:
      name: path_provider_linux
      url: "https://pub.flutter-io.cn"
    source: hosted
    version: "2.0.0"
  path_provider_macos:
    dependency: transitive
    description:
      name: path_provider_macos
      url: "https://pub.flutter-io.cn"
    source: hosted
    version: "2.0.0"
  path_provider_platform_interface:
    dependency: transitive
    description:
      name: path_provider_platform_interface
      url: "https://pub.flutter-io.cn"
    source: hosted
    version: "2.0.0"
  path_provider_windows:
    dependency: transitive
    description:
      name: path_provider_windows
      url: "https://pub.flutter-io.cn"
    source: hosted
    version: "2.0.0"
  pedantic:
    dependency: transitive
    description:
      name: pedantic
      url: "https://pub.flutter-io.cn"
    source: hosted
    version: "1.11.0"
  permission_handler:
    dependency: "direct main"
    description:
      name: permission_handler
      url: "https://pub.flutter-io.cn"
    source: hosted
    version: "6.0.1"
  permission_handler_platform_interface:
    dependency: transitive
    description:
      name: permission_handler_platform_interface
      url: "https://pub.flutter-io.cn"
    source: hosted
    version: "3.0.0+1"
  petitparser:
    dependency: transitive
    description:
      name: petitparser
      url: "https://pub.flutter-io.cn"
    source: hosted
    version: "4.0.2"
  photo_view:
    dependency: "direct main"
    description:
      name: photo_view
      url: "https://pub.flutter-io.cn"
    source: hosted
    version: "0.11.1"
  platform:
    dependency: transitive
    description:
      name: platform
      url: "https://pub.flutter-io.cn"
    source: hosted
    version: "3.0.0"
  plugin_platform_interface:
    dependency: transitive
    description:
      name: plugin_platform_interface
      url: "https://pub.flutter-io.cn"
    source: hosted
    version: "2.0.0"
  pool:
    dependency: transitive
    description:
      name: pool
      url: "https://pub.flutter-io.cn"
    source: hosted
    version: "1.4.0"
  process:
    dependency: transitive
    description:
      name: process
      url: "https://pub.flutter-io.cn"
    source: hosted
    version: "4.1.0"
  provider:
    dependency: "direct main"
    description:
      name: provider
      url: "https://pub.flutter-io.cn"
    source: hosted
    version: "5.0.0"
  pub_semver:
    dependency: "direct main"
    description:
      name: pub_semver
      url: "https://pub.flutter-io.cn"
    source: hosted
    version: "2.0.0"
  pubspec_parse:
    dependency: transitive
    description:
      name: pubspec_parse
      url: "https://pub.flutter-io.cn"
    source: hosted
    version: "0.1.8"
  quiver:
    dependency: transitive
    description:
      name: quiver
      url: "https://pub.flutter-io.cn"
    source: hosted
    version: "2.1.3"
  redux:
    dependency: transitive
    description:
      name: redux
      url: "https://pub.flutter-io.cn"
    source: hosted
    version: "4.0.0+3"
  rxdart:
    dependency: "direct main"
    description:
      name: rxdart
      url: "https://pub.flutter-io.cn"
    source: hosted
    version: "0.26.0"
  share:
    dependency: "direct main"
    description:
      name: share
      url: "https://pub.flutter-io.cn"
    source: hosted
    version: "2.0.0"
  shared_preferences:
    dependency: "direct main"
    description:
      name: shared_preferences
      url: "https://pub.flutter-io.cn"
    source: hosted
    version: "2.0.1"
  shared_preferences_linux:
    dependency: transitive
    description:
      name: shared_preferences_linux
      url: "https://pub.flutter-io.cn"
    source: hosted
    version: "2.0.0"
  shared_preferences_macos:
    dependency: transitive
    description:
      name: shared_preferences_macos
      url: "https://pub.flutter-io.cn"
    source: hosted
    version: "2.0.0"
  shared_preferences_platform_interface:
    dependency: transitive
    description:
      name: shared_preferences_platform_interface
      url: "https://pub.flutter-io.cn"
    source: hosted
    version: "2.0.0"
  shared_preferences_web:
    dependency: transitive
    description:
      name: shared_preferences_web
      url: "https://pub.flutter-io.cn"
    source: hosted
    version: "2.0.0"
  shared_preferences_windows:
    dependency: transitive
    description:
      name: shared_preferences_windows
      url: "https://pub.flutter-io.cn"
    source: hosted
    version: "2.0.0"
  shelf:
    dependency: transitive
    description:
      name: shelf
      url: "https://pub.flutter-io.cn"
    source: hosted
    version: "1.0.0"
  shelf_web_socket:
    dependency: transitive
    description:
      name: shelf_web_socket
      url: "https://pub.flutter-io.cn"
    source: hosted
    version: "0.2.4+1"
  simple_animations:
    dependency: "direct main"
    description:
      name: simple_animations
      url: "https://pub.flutter-io.cn"
    source: hosted
    version: "3.0.1"
  sky_engine:
    dependency: transitive
    description: flutter
    source: sdk
    version: "0.0.99"
  source_gen:
    dependency: transitive
    description:
      name: source_gen
      url: "https://pub.flutter-io.cn"
    source: hosted
    version: "0.9.10+3"
  source_span:
    dependency: transitive
    description:
      name: source_span
      url: "https://pub.flutter-io.cn"
    source: hosted
    version: "1.8.1"
  sqflite:
    dependency: "direct main"
    description:
      name: sqflite
      url: "https://pub.flutter-io.cn"
    source: hosted
    version: "2.0.0"
  sqflite_common:
    dependency: transitive
    description:
      name: sqflite_common
      url: "https://pub.flutter-io.cn"
    source: hosted
    version: "2.0.0"
  stack_trace:
    dependency: transitive
    description:
      name: stack_trace
      url: "https://pub.flutter-io.cn"
    source: hosted
    version: "1.10.0"
  stream_channel:
    dependency: transitive
    description:
      name: stream_channel
      url: "https://pub.flutter-io.cn"
    source: hosted
    version: "2.1.0"
  stream_transform:
    dependency: transitive
    description:
      name: stream_transform
      url: "https://pub.flutter-io.cn"
    source: hosted
    version: "1.2.0"
  string_scanner:
    dependency: transitive
    description:
      name: string_scanner
      url: "https://pub.flutter-io.cn"
    source: hosted
    version: "1.1.0"
  supercharged:
    dependency: "direct main"
    description:
      name: supercharged
      url: "https://pub.flutter-io.cn"
    source: hosted
    version: "2.0.0"
  supercharged_dart:
    dependency: transitive
    description:
      name: supercharged_dart
      url: "https://pub.flutter-io.cn"
    source: hosted
    version: "2.0.0"
  synchronized:
    dependency: transitive
    description:
      name: synchronized
      url: "https://pub.flutter-io.cn"
    source: hosted
    version: "3.0.0"
  term_glyph:
    dependency: transitive
    description:
      name: term_glyph
      url: "https://pub.flutter-io.cn"
    source: hosted
    version: "1.2.0"
  timing:
    dependency: transitive
    description:
      name: timing
      url: "https://pub.flutter-io.cn"
    source: hosted
    version: "0.1.1+3"
  typed_data:
    dependency: transitive
    description:
      name: typed_data
      url: "https://pub.flutter-io.cn"
    source: hosted
    version: "1.3.0"
  url_launcher:
    dependency: "direct main"
    description:
      name: url_launcher
      url: "https://pub.flutter-io.cn"
    source: hosted
    version: "6.0.1"
  url_launcher_linux:
    dependency: transitive
    description:
      name: url_launcher_linux
      url: "https://pub.flutter-io.cn"
    source: hosted
    version: "2.0.0"
  url_launcher_macos:
    dependency: transitive
    description:
      name: url_launcher_macos
      url: "https://pub.flutter-io.cn"
    source: hosted
    version: "2.0.0"
  url_launcher_platform_interface:
    dependency: transitive
    description:
      name: url_launcher_platform_interface
      url: "https://pub.flutter-io.cn"
    source: hosted
    version: "2.0.1"
  url_launcher_web:
    dependency: transitive
    description:
      name: url_launcher_web
      url: "https://pub.flutter-io.cn"
    source: hosted
    version: "2.0.0"
  url_launcher_windows:
    dependency: transitive
    description:
      name: url_launcher_windows
      url: "https://pub.flutter-io.cn"
    source: hosted
    version: "2.0.0"
  uuid:
    dependency: transitive
    description:
      name: uuid
      url: "https://pub.flutter-io.cn"
    source: hosted
    version: "3.0.1"
  vector_math:
    dependency: transitive
    description:
      name: vector_math
      url: "https://pub.flutter-io.cn"
    source: hosted
    version: "2.1.0"
  watcher:
    dependency: transitive
    description:
      name: watcher
      url: "https://pub.flutter-io.cn"
    source: hosted
    version: "1.0.0"
  web_socket_channel:
    dependency: "direct overridden"
    description:
      name: web_socket_channel
      url: "https://pub.flutter-io.cn"
    source: hosted
    version: "2.0.0"
  webview_flutter:
    dependency: "direct main"
    description:
      name: webview_flutter
      url: "https://pub.flutter-io.cn"
    source: hosted
    version: "2.0.0"
  win32:
    dependency: transitive
    description:
      name: win32
      url: "https://pub.flutter-io.cn"
    source: hosted
    version: "2.0.0"
  xdg_directories:
    dependency: transitive
    description:
      name: xdg_directories
      url: "https://pub.flutter-io.cn"
    source: hosted
    version: "0.2.0"
  xml:
    dependency: transitive
    description:
      name: xml
      url: "https://pub.flutter-io.cn"
    source: hosted
    version: "5.0.2"
  yaml:
    dependency: transitive
    description:
      name: yaml
      url: "https://pub.flutter-io.cn"
    source: hosted
    version: "3.1.0"
sdks:
  dart: ">=2.12.0 <3.0.0"
  flutter: ">=2.0.0"
